
Microsoft Visual Studio Solution File, Format Version 12.00
# Visual Studio Version 16
VisualStudioVersion = 16.0.31019.35
MinimumVisualStudioVersion = 10.0.40219.1
Project("{9A19103F-16F7-4668-BE54-9A1E7A4F7556}") = "HR-Project-B", "HR-Project-B\HR-Project-B.csproj", "{AFD5D953-A0B9-401E-BC78-AA905CE0A983}"
EndProject
Project("{2150E333-8FDC-42A3-9474-1A3956D46DE8}") = "Solution Items", "Solution Items", "{C1EC0CBB-CF47-4C99-8B6C-FD9B43EC5A02}"
EndProject
Global
	GlobalSection(SolutionConfigurationPlatforms) = preSolution
		Debug|Any CPU = Debug|Any CPU
		Release|Any CPU = Release|Any CPU
	EndGlobalSection
	GlobalSection(ProjectConfigurationPlatforms) = postSolution
		{AFD5D953-A0B9-401E-BC78-AA905CE0A983}.Debug|Any CPU.ActiveCfg = Debug|Any CPU
		{AFD5D953-A0B9-401E-BC78-AA905CE0A983}.Debug|Any CPU.Build.0 = Debug|Any CPU
		{AFD5D953-A0B9-401E-BC78-AA905CE0A983}.Release|Any CPU.ActiveCfg = Release|Any CPU
		{AFD5D953-A0B9-401E-BC78-AA905CE0A983}.Release|Any CPU.Build.0 = Release|Any CPU
	EndGlobalSection
	GlobalSection(SolutionProperties) = preSolution
		HideSolutionNode = FALSE
	EndGlobalSection
	GlobalSection(ExtensibilityGlobals) = postSolution
		SolutionGuid = {5DD36E93-F091-4F7B-8787-B880DDB8DDE4}
	EndGlobalSection
EndGlobal
