
Microsoft Visual Studio Solution File, Format Version 12.00
# Visual Studio Version 16
VisualStudioVersion = 16.0.31025.194
MinimumVisualStudioVersion = 10.0.40219.1
Project("{FAE04EC0-301F-11D3-BF4B-00C04F79EFBC}") = "HR-Project-B", "HR-Project-B.csproj", "{6E6AE2AF-92A9-4399-A195-84A8CA0F875E}"
EndProject
Global
	GlobalSection(SolutionConfigurationPlatforms) = preSolution
		Debug|Any CPU = Debug|Any CPU
		Release|Any CPU = Release|Any CPU
	EndGlobalSection
	GlobalSection(ProjectConfigurationPlatforms) = postSolution
		{6E6AE2AF-92A9-4399-A195-84A8CA0F875E}.Debug|Any CPU.ActiveCfg = Debug|Any CPU
		{6E6AE2AF-92A9-4399-A195-84A8CA0F875E}.Debug|Any CPU.Build.0 = Debug|Any CPU
		{6E6AE2AF-92A9-4399-A195-84A8CA0F875E}.Release|Any CPU.ActiveCfg = Release|Any CPU
		{6E6AE2AF-92A9-4399-A195-84A8CA0F875E}.Release|Any CPU.Build.0 = Release|Any CPU
	EndGlobalSection
	GlobalSection(SolutionProperties) = preSolution
		HideSolutionNode = FALSE
	EndGlobalSection
	GlobalSection(ExtensibilityGlobals) = postSolution
		SolutionGuid = {042E124F-ABF0-49AF-A9D3-E8D97D44ABE5}
	EndGlobalSection
EndGlobal
